
Microsoft Visual Studio Solution File, Format Version 12.00
# Visual Studio 2013
VisualStudioVersion = 12.0.31101.0
MinimumVisualStudioVersion = 10.0.40219.1
Project("{F2A71F9B-5D33-465A-A702-920D77279786}") = "TcpKite", "TcpKite\TcpKite.fsproj", "{D87458ED-077B-4948-BE6D-4B0D8AC7E8CF}"
EndProject
Project("{F2A71F9B-5D33-465A-A702-920D77279786}") = "TcpKite.Test", "TcpKite.Test\TcpKite.Test.fsproj", "{FDC738E0-4DBB-4BFA-B4C5-7A2919B5FBBD}"
EndProject
Project("{F2A71F9B-5D33-465A-A702-920D77279786}") = "TcpKite.Test2", "TcpKite.Test2\TcpKite.Test2.fsproj", "{0D648C92-A189-485E-8CF0-96006C89ADA9}"
EndProject
Global
	GlobalSection(SolutionConfigurationPlatforms) = preSolution
		Debug|Any CPU = Debug|Any CPU
		Release|Any CPU = Release|Any CPU
	EndGlobalSection
	GlobalSection(ProjectConfigurationPlatforms) = postSolution
		{D87458ED-077B-4948-BE6D-4B0D8AC7E8CF}.Debug|Any CPU.ActiveCfg = Debug|Any CPU
		{D87458ED-077B-4948-BE6D-4B0D8AC7E8CF}.Debug|Any CPU.Build.0 = Debug|Any CPU
		{D87458ED-077B-4948-BE6D-4B0D8AC7E8CF}.Release|Any CPU.ActiveCfg = Release|Any CPU
		{D87458ED-077B-4948-BE6D-4B0D8AC7E8CF}.Release|Any CPU.Build.0 = Release|Any CPU
		{FDC738E0-4DBB-4BFA-B4C5-7A2919B5FBBD}.Debug|Any CPU.ActiveCfg = Debug|Any CPU
		{FDC738E0-4DBB-4BFA-B4C5-7A2919B5FBBD}.Debug|Any CPU.Build.0 = Debug|Any CPU
		{FDC738E0-4DBB-4BFA-B4C5-7A2919B5FBBD}.Release|Any CPU.ActiveCfg = Release|Any CPU
		{FDC738E0-4DBB-4BFA-B4C5-7A2919B5FBBD}.Release|Any CPU.Build.0 = Release|Any CPU
		{0D648C92-A189-485E-8CF0-96006C89ADA9}.Debug|Any CPU.ActiveCfg = Debug|Any CPU
		{0D648C92-A189-485E-8CF0-96006C89ADA9}.Debug|Any CPU.Build.0 = Debug|Any CPU
		{0D648C92-A189-485E-8CF0-96006C89ADA9}.Release|Any CPU.ActiveCfg = Release|Any CPU
		{0D648C92-A189-485E-8CF0-96006C89ADA9}.Release|Any CPU.Build.0 = Release|Any CPU
	EndGlobalSection
	GlobalSection(SolutionProperties) = preSolution
		HideSolutionNode = FALSE
	EndGlobalSection
EndGlobal
